// !$*UTF8*$!
{
	archiveVersion = 1;
	classes = {
	};
	objectVersion = 46;
	objects = {

/* Begin PBXBuildFile section */
		3327E0C01F2AF9D41DB52E2E /* Pods_Overachievr.framework in Frameworks */ = {isa = PBXBuildFile; fileRef = 2687A4D474DC47181E14C533 /* Pods_Overachievr.framework */; settings = {ATTRIBUTES = (Weak, ); }; };
		A706F4D91B829C8D00ADA085 /* Users.swift in Sources */ = {isa = PBXBuildFile; fileRef = A706F4D81B829C8D00ADA085 /* Users.swift */; };
		A706F4E01B854DEB00ADA085 /* NotificationHelper.swift in Sources */ = {isa = PBXBuildFile; fileRef = A706F4DF1B854DEB00ADA085 /* NotificationHelper.swift */; };
		A77135CE1B807DB60065A24E /* Overachievr.xcdatamodeld in Sources */ = {isa = PBXBuildFile; fileRef = A77135CC1B807DB60065A24E /* Overachievr.xcdatamodeld */; };
		A77135E41B807DB60065A24E /* OverachievrTests.swift in Sources */ = {isa = PBXBuildFile; fileRef = A77135E31B807DB60065A24E /* OverachievrTests.swift */; };
		A77135EE1B807E110065A24E /* Main.storyboard in Resources */ = {isa = PBXBuildFile; fileRef = A77135ED1B807E110065A24E /* Main.storyboard */; };
		A77135F41B807E2E0065A24E /* ContactsVC.swift in Sources */ = {isa = PBXBuildFile; fileRef = A77135F01B807E2E0065A24E /* ContactsVC.swift */; };
		A77135F51B807E2E0065A24E /* CreateTaskVC.swift in Sources */ = {isa = PBXBuildFile; fileRef = A77135F11B807E2E0065A24E /* CreateTaskVC.swift */; };
		A77135F61B807E2E0065A24E /* TasksMainVC.swift in Sources */ = {isa = PBXBuildFile; fileRef = A77135F21B807E2E0065A24E /* TasksMainVC.swift */; };
		A77135F71B807E2E0065A24E /* LoginVC.swift in Sources */ = {isa = PBXBuildFile; fileRef = A77135F31B807E2E0065A24E /* LoginVC.swift */; };
		A77136021B807E7E0065A24E /* AppDelegate.swift in Sources */ = {isa = PBXBuildFile; fileRef = A77136001B807E7E0065A24E /* AppDelegate.swift */; };
		A77136091B807EBF0065A24E /* Tasks.swift in Sources */ = {isa = PBXBuildFile; fileRef = A77136071B807EBF0065A24E /* Tasks.swift */; };
		A771360A1B807EBF0065A24E /* Contacts.swift in Sources */ = {isa = PBXBuildFile; fileRef = A77136081B807EBF0065A24E /* Contacts.swift */; };
		A77136131B807ED50065A24E /* AddressBookHelper.swift in Sources */ = {isa = PBXBuildFile; fileRef = A771360D1B807ED50065A24E /* AddressBookHelper.swift */; };
		A77136141B807ED50065A24E /* AuthenticationHelper.swift in Sources */ = {isa = PBXBuildFile; fileRef = A771360E1B807ED50065A24E /* AuthenticationHelper.swift */; };
		A77136151B807ED50065A24E /* TaskHelper.swift in Sources */ = {isa = PBXBuildFile; fileRef = A771360F1B807ED50065A24E /* TaskHelper.swift */; };
		A77136161B807ED50065A24E /* DateTimeHelper.swift in Sources */ = {isa = PBXBuildFile; fileRef = A77136101B807ED50065A24E /* DateTimeHelper.swift */; };
		A77136171B807ED50065A24E /* CustomCellHelper.swift in Sources */ = {isa = PBXBuildFile; fileRef = A77136111B807ED50065A24E /* CustomCellHelper.swift */; };
		A771361A1B807EEB0065A24E /* Images.xcassets in Resources */ = {isa = PBXBuildFile; fileRef = A77136181B807EEB0065A24E /* Images.xcassets */; };
		A771361B1B807EEB0065A24E /* LaunchScreen.xib in Resources */ = {isa = PBXBuildFile; fileRef = A77136191B807EEB0065A24E /* LaunchScreen.xib */; };
		A7E0E2001B808293006FCBAB /* Realm.framework in Frameworks */ = {isa = PBXBuildFile; fileRef = A7E0E1FE1B808293006FCBAB /* Realm.framework */; };
		A7E0E2011B808293006FCBAB /* Realm.framework in Embed Frameworks */ = {isa = PBXBuildFile; fileRef = A7E0E1FE1B808293006FCBAB /* Realm.framework */; settings = {ATTRIBUTES = (CodeSignOnCopy, RemoveHeadersOnCopy, ); }; };
		A7E0E2021B808293006FCBAB /* RealmSwift.framework in Frameworks */ = {isa = PBXBuildFile; fileRef = A7E0E1FF1B808293006FCBAB /* RealmSwift.framework */; };
		A7E0E2031B808293006FCBAB /* RealmSwift.framework in Embed Frameworks */ = {isa = PBXBuildFile; fileRef = A7E0E1FF1B808293006FCBAB /* RealmSwift.framework */; settings = {ATTRIBUTES = (CodeSignOnCopy, RemoveHeadersOnCopy, ); }; };
/* End PBXBuildFile section */

/* Begin PBXContainerItemProxy section */
		A77135DE1B807DB60065A24E /* PBXContainerItemProxy */ = {
			isa = PBXContainerItemProxy;
			containerPortal = A77135BD1B807DB60065A24E /* Project object */;
			proxyType = 1;
			remoteGlobalIDString = A77135C41B807DB60065A24E;
			remoteInfo = Overachievr;
		};
/* End PBXContainerItemProxy section */

/* Begin PBXCopyFilesBuildPhase section */
		A7E0E1FB1B8081EA006FCBAB /* Embed Frameworks */ = {
			isa = PBXCopyFilesBuildPhase;
			buildActionMask = 2147483647;
			dstPath = "";
			dstSubfolderSpec = 10;
			files = (
				A7E0E2031B808293006FCBAB /* RealmSwift.framework in Embed Frameworks */,
				A7E0E2011B808293006FCBAB /* Realm.framework in Embed Frameworks */,
			);
			name = "Embed Frameworks";
			runOnlyForDeploymentPostprocessing = 0;
		};
/* End PBXCopyFilesBuildPhase section */

/* Begin PBXFileReference section */
		2687A4D474DC47181E14C533 /* Pods_Overachievr.framework */ = {isa = PBXFileReference; explicitFileType = wrapper.framework; includeInIndex = 0; path = Pods_Overachievr.framework; sourceTree = BUILT_PRODUCTS_DIR; };
		A706F4D81B829C8D00ADA085 /* Users.swift */ = {isa = PBXFileReference; fileEncoding = 4; lastKnownFileType = sourcecode.swift; path = Users.swift; sourceTree = "<group>"; };
		A706F4DF1B854DEB00ADA085 /* NotificationHelper.swift */ = {isa = PBXFileReference; fileEncoding = 4; lastKnownFileType = sourcecode.swift; path = NotificationHelper.swift; sourceTree = "<group>"; };
		A77135C51B807DB60065A24E /* Overachievr.app */ = {isa = PBXFileReference; explicitFileType = wrapper.application; includeInIndex = 0; path = Overachievr.app; sourceTree = BUILT_PRODUCTS_DIR; };
		A77135CD1B807DB60065A24E /* Overachievr.xcdatamodel */ = {isa = PBXFileReference; lastKnownFileType = wrapper.xcdatamodel; path = Overachievr.xcdatamodel; sourceTree = "<group>"; };
		A77135DD1B807DB60065A24E /* OverachievrTests.xctest */ = {isa = PBXFileReference; explicitFileType = wrapper.cfbundle; includeInIndex = 0; path = OverachievrTests.xctest; sourceTree = BUILT_PRODUCTS_DIR; };
		A77135E21B807DB60065A24E /* Info.plist */ = {isa = PBXFileReference; lastKnownFileType = text.plist.xml; path = Info.plist; sourceTree = "<group>"; };
		A77135E31B807DB60065A24E /* OverachievrTests.swift */ = {isa = PBXFileReference; lastKnownFileType = sourcecode.swift; path = OverachievrTests.swift; sourceTree = "<group>"; };
		A77135ED1B807E110065A24E /* Main.storyboard */ = {isa = PBXFileReference; fileEncoding = 4; lastKnownFileType = file.storyboard; path = Main.storyboard; sourceTree = "<group>"; };
		A77135EF1B807E2D0065A24E /* Overachievr-Bridging-Header.h */ = {isa = PBXFileReference; lastKnownFileType = sourcecode.c.h; path = "Overachievr-Bridging-Header.h"; sourceTree = "<group>"; };
		A77135F01B807E2E0065A24E /* ContactsVC.swift */ = {isa = PBXFileReference; fileEncoding = 4; lastKnownFileType = sourcecode.swift; path = ContactsVC.swift; sourceTree = "<group>"; };
		A77135F11B807E2E0065A24E /* CreateTaskVC.swift */ = {isa = PBXFileReference; fileEncoding = 4; lastKnownFileType = sourcecode.swift; path = CreateTaskVC.swift; sourceTree = "<group>"; };
		A77135F21B807E2E0065A24E /* TasksMainVC.swift */ = {isa = PBXFileReference; fileEncoding = 4; lastKnownFileType = sourcecode.swift; path = TasksMainVC.swift; sourceTree = "<group>"; };
		A77135F31B807E2E0065A24E /* LoginVC.swift */ = {isa = PBXFileReference; fileEncoding = 4; lastKnownFileType = sourcecode.swift; path = LoginVC.swift; sourceTree = "<group>"; };
		A77136001B807E7E0065A24E /* AppDelegate.swift */ = {isa = PBXFileReference; fileEncoding = 4; lastKnownFileType = sourcecode.swift; path = AppDelegate.swift; sourceTree = "<group>"; };
		A77136011B807E7E0065A24E /* Info.plist */ = {isa = PBXFileReference; fileEncoding = 4; lastKnownFileType = text.plist.xml; path = Info.plist; sourceTree = "<group>"; };
		A77136071B807EBF0065A24E /* Tasks.swift */ = {isa = PBXFileReference; fileEncoding = 4; lastKnownFileType = sourcecode.swift; path = Tasks.swift; sourceTree = "<group>"; };
		A77136081B807EBF0065A24E /* Contacts.swift */ = {isa = PBXFileReference; fileEncoding = 4; lastKnownFileType = sourcecode.swift; path = Contacts.swift; sourceTree = "<group>"; };
		A771360D1B807ED50065A24E /* AddressBookHelper.swift */ = {isa = PBXFileReference; fileEncoding = 4; lastKnownFileType = sourcecode.swift; path = AddressBookHelper.swift; sourceTree = "<group>"; };
		A771360E1B807ED50065A24E /* AuthenticationHelper.swift */ = {isa = PBXFileReference; fileEncoding = 4; lastKnownFileType = sourcecode.swift; path = AuthenticationHelper.swift; sourceTree = "<group>"; };
		A771360F1B807ED50065A24E /* TaskHelper.swift */ = {isa = PBXFileReference; fileEncoding = 4; lastKnownFileType = sourcecode.swift; path = TaskHelper.swift; sourceTree = "<group>"; };
		A77136101B807ED50065A24E /* DateTimeHelper.swift */ = {isa = PBXFileReference; fileEncoding = 4; lastKnownFileType = sourcecode.swift; path = DateTimeHelper.swift; sourceTree = "<group>"; };
		A77136111B807ED50065A24E /* CustomCellHelper.swift */ = {isa = PBXFileReference; fileEncoding = 4; lastKnownFileType = sourcecode.swift; path = CustomCellHelper.swift; sourceTree = "<group>"; };
		A77136181B807EEB0065A24E /* Images.xcassets */ = {isa = PBXFileReference; lastKnownFileType = folder.assetcatalog; path = Images.xcassets; sourceTree = "<group>"; };
		A77136191B807EEB0065A24E /* LaunchScreen.xib */ = {isa = PBXFileReference; fileEncoding = 4; lastKnownFileType = file.xib; path = LaunchScreen.xib; sourceTree = "<group>"; };
		A7E0E1FE1B808293006FCBAB /* Realm.framework */ = {isa = PBXFileReference; lastKnownFileType = wrapper.framework; path = Realm.framework; sourceTree = "<group>"; };
		A7E0E1FF1B808293006FCBAB /* RealmSwift.framework */ = {isa = PBXFileReference; lastKnownFileType = wrapper.framework; path = RealmSwift.framework; sourceTree = "<group>"; };
		B724DF12F53EE3459E67EF35 /* Pods-Overachievr.debug.xcconfig */ = {isa = PBXFileReference; includeInIndex = 1; lastKnownFileType = text.xcconfig; name = "Pods-Overachievr.debug.xcconfig"; path = "Pods/Target Support Files/Pods-Overachievr/Pods-Overachievr.debug.xcconfig"; sourceTree = "<group>"; };
		BA1A9CFD5040823D0B17657E /* Pods-Overachievr.release.xcconfig */ = {isa = PBXFileReference; includeInIndex = 1; lastKnownFileType = text.xcconfig; name = "Pods-Overachievr.release.xcconfig"; path = "Pods/Target Support Files/Pods-Overachievr/Pods-Overachievr.release.xcconfig"; sourceTree = "<group>"; };
/* End PBXFileReference section */

/* Begin PBXFrameworksBuildPhase section */
		A77135C21B807DB60065A24E /* Frameworks */ = {
			isa = PBXFrameworksBuildPhase;
			buildActionMask = 2147483647;
			files = (
				A7E0E2021B808293006FCBAB /* RealmSwift.framework in Frameworks */,
				A7E0E2001B808293006FCBAB /* Realm.framework in Frameworks */,
				3327E0C01F2AF9D41DB52E2E /* Pods_Overachievr.framework in Frameworks */,
			);
			runOnlyForDeploymentPostprocessing = 0;
		};
		A77135DA1B807DB60065A24E /* Frameworks */ = {
			isa = PBXFrameworksBuildPhase;
			buildActionMask = 2147483647;
			files = (
			);
			runOnlyForDeploymentPostprocessing = 0;
		};
/* End PBXFrameworksBuildPhase section */

/* Begin PBXGroup section */
		A77135BC1B807DB60065A24E = {
			isa = PBXGroup;
			children = (
				A77135C71B807DB60065A24E /* Overachievr */,
				A77136061B807EA30065A24E /* Model */,
				A77135E01B807DB60065A24E /* OverachievrTests */,
				A77135C61B807DB60065A24E /* Products */,
				A771361C1B807F390065A24E /* Frameworks */,
				B5099C8D9458B2615D2CB7C0 /* Pods */,
			);
			sourceTree = "<group>";
		};
		A77135C61B807DB60065A24E /* Products */ = {
			isa = PBXGroup;
			children = (
				A77135C51B807DB60065A24E /* Overachievr.app */,
				A77135DD1B807DB60065A24E /* OverachievrTests.xctest */,
			);
			name = Products;
			sourceTree = "<group>";
		};
		A77135C71B807DB60065A24E /* Overachievr */ = {
			isa = PBXGroup;
			children = (
				A771360B1B807EC50065A24E /* Helpers */,
				A77136051B807E920065A24E /* Controllers */,
				A77136041B807E880065A24E /* Views */,
				A77135C81B807DB60065A24E /* Supporting Files */,
			);
			path = Overachievr;
			sourceTree = "<group>";
		};
		A77135C81B807DB60065A24E /* Supporting Files */ = {
			isa = PBXGroup;
			children = (
				A77136001B807E7E0065A24E /* AppDelegate.swift */,
				A77136181B807EEB0065A24E /* Images.xcassets */,
				A77136191B807EEB0065A24E /* LaunchScreen.xib */,
				A77135EF1B807E2D0065A24E /* Overachievr-Bridging-Header.h */,
				A77136011B807E7E0065A24E /* Info.plist */,
			);
			name = "Supporting Files";
			sourceTree = "<group>";
		};
		A77135E01B807DB60065A24E /* OverachievrTests */ = {
			isa = PBXGroup;
			children = (
				A77135E31B807DB60065A24E /* OverachievrTests.swift */,
				A77135E11B807DB60065A24E /* Supporting Files */,
			);
			path = OverachievrTests;
			sourceTree = "<group>";
		};
		A77135E11B807DB60065A24E /* Supporting Files */ = {
			isa = PBXGroup;
			children = (
				A77135E21B807DB60065A24E /* Info.plist */,
			);
			name = "Supporting Files";
			sourceTree = "<group>";
		};
		A77136041B807E880065A24E /* Views */ = {
			isa = PBXGroup;
			children = (
				A77135ED1B807E110065A24E /* Main.storyboard */,
			);
			name = Views;
			sourceTree = "<group>";
		};
		A77136051B807E920065A24E /* Controllers */ = {
			isa = PBXGroup;
			children = (
				A77135F01B807E2E0065A24E /* ContactsVC.swift */,
				A77135F11B807E2E0065A24E /* CreateTaskVC.swift */,
				A77135F21B807E2E0065A24E /* TasksMainVC.swift */,
				A77135F31B807E2E0065A24E /* LoginVC.swift */,
			);
			name = Controllers;
			sourceTree = "<group>";
		};
		A77136061B807EA30065A24E /* Model */ = {
			isa = PBXGroup;
			children = (
				A706F4D81B829C8D00ADA085 /* Users.swift */,
				A77136071B807EBF0065A24E /* Tasks.swift */,
				A77136081B807EBF0065A24E /* Contacts.swift */,
				A77135CC1B807DB60065A24E /* Overachievr.xcdatamodeld */,
			);
			name = Model;
			path = Overachievr;
			sourceTree = "<group>";
		};
		A771360B1B807EC50065A24E /* Helpers */ = {
			isa = PBXGroup;
			children = (
				A771360D1B807ED50065A24E /* AddressBookHelper.swift */,
				A771360E1B807ED50065A24E /* AuthenticationHelper.swift */,
				A771360F1B807ED50065A24E /* TaskHelper.swift */,
				A77136101B807ED50065A24E /* DateTimeHelper.swift */,
				A77136111B807ED50065A24E /* CustomCellHelper.swift */,
				A706F4DF1B854DEB00ADA085 /* NotificationHelper.swift */,
			);
			name = Helpers;
			sourceTree = "<group>";
		};
		A771361C1B807F390065A24E /* Frameworks */ = {
			isa = PBXGroup;
			children = (
				A7E0E1FE1B808293006FCBAB /* Realm.framework */,
				A7E0E1FF1B808293006FCBAB /* RealmSwift.framework */,
				2687A4D474DC47181E14C533 /* Pods_Overachievr.framework */,
			);
			name = Frameworks;
			sourceTree = "<group>";
		};
		B5099C8D9458B2615D2CB7C0 /* Pods */ = {
			isa = PBXGroup;
			children = (
				B724DF12F53EE3459E67EF35 /* Pods-Overachievr.debug.xcconfig */,
				BA1A9CFD5040823D0B17657E /* Pods-Overachievr.release.xcconfig */,
			);
			name = Pods;
			sourceTree = "<group>";
		};
/* End PBXGroup section */

/* Begin PBXNativeTarget section */
		A77135C41B807DB60065A24E /* Overachievr */ = {
			isa = PBXNativeTarget;
			buildConfigurationList = A77135E71B807DB60065A24E /* Build configuration list for PBXNativeTarget "Overachievr" */;
			buildPhases = (
				2D9F4D0BC5B150CFA058B352 /* Check Pods Manifest.lock */,
				A77135C11B807DB60065A24E /* Sources */,
				A77135C21B807DB60065A24E /* Frameworks */,
				A77135C31B807DB60065A24E /* Resources */,
				A7E0E1FB1B8081EA006FCBAB /* Embed Frameworks */,
				A706F4D71B81319200ADA085 /* ShellScript */,
				7889902D8122EC8FC5AC03D0 /* Embed Pods Frameworks */,
				DF1ED9E9A6793DFEAD2959CF /* Copy Pods Resources */,
				A706F4DE1B84D31A00ADA085 /* ShellScript */,
			);
			buildRules = (
			);
			dependencies = (
			);
			name = Overachievr;
			productName = Overachievr;
			productReference = A77135C51B807DB60065A24E /* Overachievr.app */;
			productType = "com.apple.product-type.application";
		};
		A77135DC1B807DB60065A24E /* OverachievrTests */ = {
			isa = PBXNativeTarget;
			buildConfigurationList = A77135EA1B807DB60065A24E /* Build configuration list for PBXNativeTarget "OverachievrTests" */;
			buildPhases = (
				A77135D91B807DB60065A24E /* Sources */,
				A77135DA1B807DB60065A24E /* Frameworks */,
				A77135DB1B807DB60065A24E /* Resources */,
			);
			buildRules = (
			);
			dependencies = (
				A77135DF1B807DB60065A24E /* PBXTargetDependency */,
			);
			name = OverachievrTests;
			productName = OverachievrTests;
			productReference = A77135DD1B807DB60065A24E /* OverachievrTests.xctest */;
			productType = "com.apple.product-type.bundle.unit-test";
		};
/* End PBXNativeTarget section */

/* Begin PBXProject section */
		A77135BD1B807DB60065A24E /* Project object */ = {
			isa = PBXProject;
			attributes = {
				LastUpgradeCheck = 0640;
				ORGANIZATIONNAME = Overachievr;
				TargetAttributes = {
					A77135C41B807DB60065A24E = {
						CreatedOnToolsVersion = 6.4;
						SystemCapabilities = {
							com.apple.BackgroundModes = {
								enabled = 1;
							};
						};
					};
					A77135DC1B807DB60065A24E = {
						CreatedOnToolsVersion = 6.4;
						TestTargetID = A77135C41B807DB60065A24E;
					};
				};
			};
			buildConfigurationList = A77135C01B807DB60065A24E /* Build configuration list for PBXProject "Overachievr" */;
			compatibilityVersion = "Xcode 3.2";
			developmentRegion = English;
			hasScannedForEncodings = 0;
			knownRegions = (
				en,
				Base,
			);
			mainGroup = A77135BC1B807DB60065A24E;
			productRefGroup = A77135C61B807DB60065A24E /* Products */;
			projectDirPath = "";
			projectRoot = "";
			targets = (
				A77135C41B807DB60065A24E /* Overachievr */,
				A77135DC1B807DB60065A24E /* OverachievrTests */,
			);
		};
/* End PBXProject section */

/* Begin PBXResourcesBuildPhase section */
		A77135C31B807DB60065A24E /* Resources */ = {
			isa = PBXResourcesBuildPhase;
			buildActionMask = 2147483647;
			files = (
				A771361B1B807EEB0065A24E /* LaunchScreen.xib in Resources */,
				A771361A1B807EEB0065A24E /* Images.xcassets in Resources */,
				A77135EE1B807E110065A24E /* Main.storyboard in Resources */,
			);
			runOnlyForDeploymentPostprocessing = 0;
		};
		A77135DB1B807DB60065A24E /* Resources */ = {
			isa = PBXResourcesBuildPhase;
			buildActionMask = 2147483647;
			files = (
			);
			runOnlyForDeploymentPostprocessing = 0;
		};
/* End PBXResourcesBuildPhase section */

/* Begin PBXShellScriptBuildPhase section */
		2D9F4D0BC5B150CFA058B352 /* Check Pods Manifest.lock */ = {
			isa = PBXShellScriptBuildPhase;
			buildActionMask = 2147483647;
			files = (
			);
			inputPaths = (
			);
			name = "Check Pods Manifest.lock";
			outputPaths = (
			);
			runOnlyForDeploymentPostprocessing = 0;
			shellPath = /bin/sh;
			shellScript = "diff \"${PODS_ROOT}/../Podfile.lock\" \"${PODS_ROOT}/Manifest.lock\" > /dev/null\nif [[ $? != 0 ]] ; then\n    cat << EOM\nerror: The sandbox is not in sync with the Podfile.lock. Run 'pod install' or update your CocoaPods installation.\nEOM\n    exit 1\nfi\n";
			showEnvVarsInLog = 0;
		};
		7889902D8122EC8FC5AC03D0 /* Embed Pods Frameworks */ = {
			isa = PBXShellScriptBuildPhase;
			buildActionMask = 2147483647;
			files = (
			);
			inputPaths = (
			);
			name = "Embed Pods Frameworks";
			outputPaths = (
			);
			runOnlyForDeploymentPostprocessing = 0;
			shellPath = /bin/sh;
			shellScript = "\"${SRCROOT}/Pods/Target Support Files/Pods-Overachievr/Pods-Overachievr-frameworks.sh\"\n";
			showEnvVarsInLog = 0;
		};
		A706F4D71B81319200ADA085 /* ShellScript */ = {
			isa = PBXShellScriptBuildPhase;
			buildActionMask = 2147483647;
			files = (
			);
			inputPaths = (
			);
			outputPaths = (
			);
			runOnlyForDeploymentPostprocessing = 0;
			shellPath = /bin/sh;
			shellScript = "bash \"${BUILT_PRODUCTS_DIR}/${FRAMEWORKS_FOLDER_PATH}/Realm.framework/strip-frameworks.sh\"";
		};
		A706F4DE1B84D31A00ADA085 /* ShellScript */ = {
			isa = PBXShellScriptBuildPhase;
			buildActionMask = 2147483647;
			files = (
			);
			inputPaths = (
			);
			outputPaths = (
			);
			runOnlyForDeploymentPostprocessing = 0;
			shellPath = /bin/sh;
			shellScript = "\"${PODS_ROOT}/Fabric/Fabric.framework/run\" 0b0c6e44a30312550ea892f34d2442fe0a5dbeaa 01a2881ad3a5053935a182a1783b42aed9113ce06883747f3a7d710c1c12ebaa";
		};
		DF1ED9E9A6793DFEAD2959CF /* Copy Pods Resources */ = {
			isa = PBXShellScriptBuildPhase;
			buildActionMask = 2147483647;
			files = (
			);
			inputPaths = (
			);
			name = "Copy Pods Resources";
			outputPaths = (
			);
			runOnlyForDeploymentPostprocessing = 0;
			shellPath = /bin/sh;
			shellScript = "\"${SRCROOT}/Pods/Target Support Files/Pods-Overachievr/Pods-Overachievr-resources.sh\"\n";
			showEnvVarsInLog = 0;
		};
/* End PBXShellScriptBuildPhase section */

/* Begin PBXSourcesBuildPhase section */
		A77135C11B807DB60065A24E /* Sources */ = {
			isa = PBXSourcesBuildPhase;
			buildActionMask = 2147483647;
			files = (
				A771360A1B807EBF0065A24E /* Contacts.swift in Sources */,
				A77136021B807E7E0065A24E /* AppDelegate.swift in Sources */,
				A77135F61B807E2E0065A24E /* TasksMainVC.swift in Sources */,
				A77136131B807ED50065A24E /* AddressBookHelper.swift in Sources */,
				A77136161B807ED50065A24E /* DateTimeHelper.swift in Sources */,
				A77136141B807ED50065A24E /* AuthenticationHelper.swift in Sources */,
				A77135CE1B807DB60065A24E /* Overachievr.xcdatamodeld in Sources */,
				A77135F41B807E2E0065A24E /* ContactsVC.swift in Sources */,
				A706F4D91B829C8D00ADA085 /* Users.swift in Sources */,
				A77136171B807ED50065A24E /* CustomCellHelper.swift in Sources */,
				A706F4E01B854DEB00ADA085 /* NotificationHelper.swift in Sources */,
				A77135F51B807E2E0065A24E /* CreateTaskVC.swift in Sources */,
				A77136091B807EBF0065A24E /* Tasks.swift in Sources */,
				A77136151B807ED50065A24E /* TaskHelper.swift in Sources */,
				A77135F71B807E2E0065A24E /* LoginVC.swift in Sources */,
			);
			runOnlyForDeploymentPostprocessing = 0;
		};
		A77135D91B807DB60065A24E /* Sources */ = {
			isa = PBXSourcesBuildPhase;
			buildActionMask = 2147483647;
			files = (
				A77135E41B807DB60065A24E /* OverachievrTests.swift in Sources */,
			);
			runOnlyForDeploymentPostprocessing = 0;
		};
/* End PBXSourcesBuildPhase section */

/* Begin PBXTargetDependency section */
		A77135DF1B807DB60065A24E /* PBXTargetDependency */ = {
			isa = PBXTargetDependency;
			target = A77135C41B807DB60065A24E /* Overachievr */;
			targetProxy = A77135DE1B807DB60065A24E /* PBXContainerItemProxy */;
		};
/* End PBXTargetDependency section */

/* Begin XCBuildConfiguration section */
		A77135E51B807DB60065A24E /* Debug */ = {
			isa = XCBuildConfiguration;
			buildSettings = {
				ALWAYS_SEARCH_USER_PATHS = NO;
				CLANG_CXX_LANGUAGE_STANDARD = "gnu++0x";
				CLANG_CXX_LIBRARY = "libc++";
				CLANG_ENABLE_MODULES = YES;
				CLANG_ENABLE_OBJC_ARC = YES;
				CLANG_WARN_BOOL_CONVERSION = YES;
				CLANG_WARN_CONSTANT_CONVERSION = YES;
				CLANG_WARN_DIRECT_OBJC_ISA_USAGE = YES_ERROR;
				CLANG_WARN_EMPTY_BODY = YES;
				CLANG_WARN_ENUM_CONVERSION = YES;
				CLANG_WARN_INT_CONVERSION = YES;
				CLANG_WARN_OBJC_ROOT_CLASS = YES_ERROR;
				CLANG_WARN_UNREACHABLE_CODE = YES;
				CLANG_WARN__DUPLICATE_METHOD_MATCH = YES;
				"CODE_SIGN_IDENTITY[sdk=iphoneos*]" = "iPhone Developer";
				COPY_PHASE_STRIP = NO;
				DEBUG_INFORMATION_FORMAT = "dwarf-with-dsym";
				ENABLE_STRICT_OBJC_MSGSEND = YES;
				GCC_C_LANGUAGE_STANDARD = gnu99;
				GCC_DYNAMIC_NO_PIC = NO;
				GCC_NO_COMMON_BLOCKS = YES;
				GCC_OPTIMIZATION_LEVEL = 0;
				GCC_PREPROCESSOR_DEFINITIONS = (
					"DEBUG=1",
					"$(inherited)",
				);
				GCC_SYMBOLS_PRIVATE_EXTERN = NO;
				GCC_WARN_64_TO_32_BIT_CONVERSION = YES;
				GCC_WARN_ABOUT_RETURN_TYPE = YES_ERROR;
				GCC_WARN_UNDECLARED_SELECTOR = YES;
				GCC_WARN_UNINITIALIZED_AUTOS = YES_AGGRESSIVE;
				GCC_WARN_UNUSED_FUNCTION = YES;
				GCC_WARN_UNUSED_VARIABLE = YES;
				IPHONEOS_DEPLOYMENT_TARGET = 8.4;
				MTL_ENABLE_DEBUG_INFO = YES;
				ONLY_ACTIVE_ARCH = YES;
				SDKROOT = iphoneos;
				SWIFT_OPTIMIZATION_LEVEL = "-Onone";
			};
			name = Debug;
		};
		A77135E61B807DB60065A24E /* Release */ = {
			isa = XCBuildConfiguration;
			buildSettings = {
				ALWAYS_SEARCH_USER_PATHS = NO;
				CLANG_CXX_LANGUAGE_STANDARD = "gnu++0x";
				CLANG_CXX_LIBRARY = "libc++";
				CLANG_ENABLE_MODULES = YES;
				CLANG_ENABLE_OBJC_ARC = YES;
				CLANG_WARN_BOOL_CONVERSION = YES;
				CLANG_WARN_CONSTANT_CONVERSION = YES;
				CLANG_WARN_DIRECT_OBJC_ISA_USAGE = YES_ERROR;
				CLANG_WARN_EMPTY_BODY = YES;
				CLANG_WARN_ENUM_CONVERSION = YES;
				CLANG_WARN_INT_CONVERSION = YES;
				CLANG_WARN_OBJC_ROOT_CLASS = YES_ERROR;
				CLANG_WARN_UNREACHABLE_CODE = YES;
				CLANG_WARN__DUPLICATE_METHOD_MATCH = YES;
				"CODE_SIGN_IDENTITY[sdk=iphoneos*]" = "iPhone Developer";
				COPY_PHASE_STRIP = NO;
				DEBUG_INFORMATION_FORMAT = "dwarf-with-dsym";
				ENABLE_NS_ASSERTIONS = NO;
				ENABLE_STRICT_OBJC_MSGSEND = YES;
				GCC_C_LANGUAGE_STANDARD = gnu99;
				GCC_NO_COMMON_BLOCKS = YES;
				GCC_WARN_64_TO_32_BIT_CONVERSION = YES;
				GCC_WARN_ABOUT_RETURN_TYPE = YES_ERROR;
				GCC_WARN_UNDECLARED_SELECTOR = YES;
				GCC_WARN_UNINITIALIZED_AUTOS = YES_AGGRESSIVE;
				GCC_WARN_UNUSED_FUNCTION = YES;
				GCC_WARN_UNUSED_VARIABLE = YES;
				IPHONEOS_DEPLOYMENT_TARGET = 8.4;
				MTL_ENABLE_DEBUG_INFO = NO;
				SDKROOT = iphoneos;
				VALIDATE_PRODUCT = YES;
			};
			name = Release;
		};
		A77135E81B807DB60065A24E /* Debug */ = {
			isa = XCBuildConfiguration;
			baseConfigurationReference = B724DF12F53EE3459E67EF35 /* Pods-Overachievr.debug.xcconfig */;
			buildSettings = {
				ASSETCATALOG_COMPILER_APPICON_NAME = AppIcon;
				CLANG_ENABLE_MODULES = YES;
				FRAMEWORK_SEARCH_PATHS = (
					"$(inherited)",
					"$(PROJECT_DIR)",
				);
				INFOPLIST_FILE = Overachievr/Info.plist;
				LD_RUNPATH_SEARCH_PATHS = "$(inherited) @executable_path/Frameworks";
				PRODUCT_NAME = "$(TARGET_NAME)";
				SWIFT_OBJC_BRIDGING_HEADER = "Overachievr/Overachievr-Bridging-Header.h";
				SWIFT_OPTIMIZATION_LEVEL = "-Onone";
			};
			name = Debug;
		};
		A77135E91B807DB60065A24E /* Release */ = {
			isa = XCBuildConfiguration;
			baseConfigurationReference = BA1A9CFD5040823D0B17657E /* Pods-Overachievr.release.xcconfig */;
			buildSettings = {
				ASSETCATALOG_COMPILER_APPICON_NAME = AppIcon;
				CLANG_ENABLE_MODULES = YES;
				FRAMEWORK_SEARCH_PATHS = (
					"$(inherited)",
					"$(PROJECT_DIR)",
				);
				INFOPLIST_FILE = Overachievr/Info.plist;
				LD_RUNPATH_SEARCH_PATHS = "$(inherited) @executable_path/Frameworks";
				PRODUCT_NAME = "$(TARGET_NAME)";
				SWIFT_OBJC_BRIDGING_HEADER = "Overachievr/Overachievr-Bridging-Header.h";
			};
			name = Release;
		};
		A77135EB1B807DB60065A24E /* Debug */ = {
			isa = XCBuildConfiguration;
			buildSettings = {
				BUNDLE_LOADER = "$(TEST_HOST)";
				FRAMEWORK_SEARCH_PATHS = (
					"$(SDKROOT)/Developer/Library/Frameworks",
					"$(inherited)",
				);
				GCC_PREPROCESSOR_DEFINITIONS = (
					"DEBUG=1",
					"$(inherited)",
				);
				INFOPLIST_FILE = OverachievrTests/Info.plist;
				LD_RUNPATH_SEARCH_PATHS = "$(inherited) @executable_path/Frameworks @loader_path/Frameworks";
				PRODUCT_NAME = "$(TARGET_NAME)";
				TEST_HOST = "$(BUILT_PRODUCTS_DIR)/Overachievr.app/Overachievr";
			};
			name = Debug;
		};
		A77135EC1B807DB60065A24E /* Release */ = {
			isa = XCBuildConfiguration;
			buildSettings = {
				BUNDLE_LOADER = "$(TEST_HOST)";
				FRAMEWORK_SEARCH_PATHS = (
					"$(SDKROOT)/Developer/Library/Frameworks",
					"$(inherited)",
				);
				INFOPLIST_FILE = OverachievrTests/Info.plist;
				LD_RUNPATH_SEARCH_PATHS = "$(inherited) @executable_path/Frameworks @loader_path/Frameworks";
				PRODUCT_NAME = "$(TARGET_NAME)";
				TEST_HOST = "$(BUILT_PRODUCTS_DIR)/Overachievr.app/Overachievr";
			};
			name = Release;
		};
/* End XCBuildConfiguration section */

/* Begin XCConfigurationList section */
		A77135C01B807DB60065A24E /* Build configuration list for PBXProject "Overachievr" */ = {
			isa = XCConfigurationList;
			buildConfigurations = (
				A77135E51B807DB60065A24E /* Debug */,
				A77135E61B807DB60065A24E /* Release */,
			);
			defaultConfigurationIsVisible = 0;
			defaultConfigurationName = Release;
		};
		A77135E71B807DB60065A24E /* Build configuration list for PBXNativeTarget "Overachievr" */ = {
			isa = XCConfigurationList;
			buildConfigurations = (
				A77135E81B807DB60065A24E /* Debug */,
				A77135E91B807DB60065A24E /* Release */,
			);
			defaultConfigurationIsVisible = 0;
			defaultConfigurationName = Release;
		};
		A77135EA1B807DB60065A24E /* Build configuration list for PBXNativeTarget "OverachievrTests" */ = {
			isa = XCConfigurationList;
			buildConfigurations = (
				A77135EB1B807DB60065A24E /* Debug */,
				A77135EC1B807DB60065A24E /* Release */,
			);
			defaultConfigurationIsVisible = 0;
			defaultConfigurationName = Release;
		};
/* End XCConfigurationList section */

/* Begin XCVersionGroup section */
		A77135CC1B807DB60065A24E /* Overachievr.xcdatamodeld */ = {
			isa = XCVersionGroup;
			children = (
				A77135CD1B807DB60065A24E /* Overachievr.xcdatamodel */,
			);
			currentVersion = A77135CD1B807DB60065A24E /* Overachievr.xcdatamodel */;
			path = Overachievr.xcdatamodeld;
			sourceTree = "<group>";
			versionGroupType = wrapper.xcdatamodel;
		};
/* End XCVersionGroup section */
	};
	rootObject = A77135BD1B807DB60065A24E /* Project object */;
}
